
Microsoft Visual Studio Solution File, Format Version 12.00
# Visual Studio Version 17
VisualStudioVersion = 17.9.34728.123
MinimumVisualStudioVersion = 10.0.40219.1
Project("{9A19103F-16F7-4668-BE54-9A1E7A4F7556}") = "DestinoComum2", "DestinoComum2.csproj", "{AEC5F978-648C-4AB3-A13D-B98E98C4A860}"
EndProject
Global
	GlobalSection(SolutionConfigurationPlatforms) = preSolution
		Debug|Any CPU = Debug|Any CPU
		Release|Any CPU = Release|Any CPU
	EndGlobalSection
	GlobalSection(ProjectConfigurationPlatforms) = postSolution
		{AEC5F978-648C-4AB3-A13D-B98E98C4A860}.Debug|Any CPU.ActiveCfg = Debug|Any CPU
		{AEC5F978-648C-4AB3-A13D-B98E98C4A860}.Debug|Any CPU.Build.0 = Debug|Any CPU
		{AEC5F978-648C-4AB3-A13D-B98E98C4A860}.Release|Any CPU.ActiveCfg = Release|Any CPU
		{AEC5F978-648C-4AB3-A13D-B98E98C4A860}.Release|Any CPU.Build.0 = Release|Any CPU
	EndGlobalSection
	GlobalSection(SolutionProperties) = preSolution
		HideSolutionNode = FALSE
	EndGlobalSection
	GlobalSection(ExtensibilityGlobals) = postSolution
		SolutionGuid = {AB6FA92E-E35F-4EBD-B688-BF616870E88D}
	EndGlobalSection
EndGlobal
